{
  "name": "pionex-lab-official-cli",
  "lockfileVersion": 3,
  "requires": true,
  "packages": {
    "": {
      "name": "pionex-lab-official-cli",
      "dependencies": {
        "@pionex/pionex-ai-kit": "0.2.55"
      }
    },
    "node_modules/@pionex/pionex-ai-kit": {
      "version": "0.2.55",
      "resolved": "https://registry.npmjs.org/@pionex/pionex-ai-kit/-/pionex-ai-kit-0.2.55.tgz",
      "integrity": "sha512-TuVh/AMTvKVqGN2hY9Kjq3F4brkUpjIC4xU/W8wsQvbNQxr9ro8DuoKOboaAX7KeEgA1txuA5Mbc1QzRb7OZ7g==",
      "license": "MIT",
      "dependencies": {
        "commander": "^12.0.0",
        "omelette": "^0.4.17"
      },
      "bin": {
        "pionex-ai-kit": "dist/index.js",
        "pionex-trade-cli": "dist/index.js"
      },
      "engines": {
        "node": ">=18"
      }
    },
    "node_modules/commander": {
      "version": "12.1.0",
      "resolved": "https://registry.npmjs.org/commander/-/commander-12.1.0.tgz",
      "integrity": "sha512-Vw8qHK3bZM9y/P10u3Vib8o/DdkvA2OtPtZvD871QKjy74Wj1WSKFILMPRPSdUSx5RFK1arlJzEtA4PkFgnbuA==",
      "license": "MIT",
      "engines": {
        "node": ">=18"
      }
    },
    "node_modules/omelette": {
      "version": "0.4.17",
      "resolved": "https://registry.npmjs.org/omelette/-/omelette-0.4.17.tgz",
      "integrity": "sha512-UlU69G6Bhu0XFjw3tjFZ0qyiMUjAOR+rdzblA1nLQ8xiqFtxOVlkhM39BlgTpLFx9fxkm6rnxNNRsS5GxE/yww==",
      "engines": {
        "node": ">=0.8.0"
      }
    }
  }
}
